
Microsoft Visual Studio Solution File, Format Version 12.00
# Visual Studio 15
VisualStudioVersion = 15.0.27004.2010
MinimumVisualStudioVersion = 10.0.40219.1
Project("{9A19103F-16F7-4668-BE54-9A1E7A4F7556}") = "ColorCode", "ColorCode\ColorCode.csproj", "{37438935-D221-4FD8-A10E-4EC5356B0F94}"
EndProject
Project("{9A19103F-16F7-4668-BE54-9A1E7A4F7556}") = "ColorCode.UWP", "ColorCode.UWP\ColorCode.UWP.csproj", "{486C91A9-26DD-4F9F-A81D-508AE2D24858}"
EndProject
Project("{9A19103F-16F7-4668-BE54-9A1E7A4F7556}") = "ColorCode.HTML", "ColorCode.HTML\ColorCode.HTML.csproj", "{33A3FB96-F1EB-4AF0-94E0-F629E1F574A8}"
EndProject
Global
	GlobalSection(SolutionConfigurationPlatforms) = preSolution
		Debug|Any CPU = Debug|Any CPU
		Release|Any CPU = Release|Any CPU
	EndGlobalSection
	GlobalSection(ProjectConfigurationPlatforms) = postSolution
		{37438935-D221-4FD8-A10E-4EC5356B0F94}.Debug|Any CPU.ActiveCfg = Debug|Any CPU
		{37438935-D221-4FD8-A10E-4EC5356B0F94}.Debug|Any CPU.Build.0 = Debug|Any CPU
		{37438935-D221-4FD8-A10E-4EC5356B0F94}.Release|Any CPU.ActiveCfg = Release|Any CPU
		{37438935-D221-4FD8-A10E-4EC5356B0F94}.Release|Any CPU.Build.0 = Release|Any CPU
		{486C91A9-26DD-4F9F-A81D-508AE2D24858}.Debug|Any CPU.ActiveCfg = Debug|Any CPU
		{486C91A9-26DD-4F9F-A81D-508AE2D24858}.Debug|Any CPU.Build.0 = Debug|Any CPU
		{486C91A9-26DD-4F9F-A81D-508AE2D24858}.Release|Any CPU.ActiveCfg = Release|Any CPU
		{486C91A9-26DD-4F9F-A81D-508AE2D24858}.Release|Any CPU.Build.0 = Release|Any CPU
		{33A3FB96-F1EB-4AF0-94E0-F629E1F574A8}.Debug|Any CPU.ActiveCfg = Debug|Any CPU
		{33A3FB96-F1EB-4AF0-94E0-F629E1F574A8}.Debug|Any CPU.Build.0 = Debug|Any CPU
		{33A3FB96-F1EB-4AF0-94E0-F629E1F574A8}.Release|Any CPU.ActiveCfg = Release|Any CPU
		{33A3FB96-F1EB-4AF0-94E0-F629E1F574A8}.Release|Any CPU.Build.0 = Release|Any CPU
	EndGlobalSection
	GlobalSection(SolutionProperties) = preSolution
		HideSolutionNode = FALSE
	EndGlobalSection
	GlobalSection(ExtensibilityGlobals) = postSolution
		SolutionGuid = {5A764590-3191-47F4-9257-5D5F63BC5713}
	EndGlobalSection
EndGlobal
